{
  "nodes": {
    "flakeNimbleLib": {
      "inputs": {
        "nixpkgs": [
          "nixpkgs"
        ]
      },
      "locked": {
        "lastModified": 1662018438,
        "narHash": "sha256-QtNtU6+LX3Wokxf0zlFwKTFOcn6TeDjKQZ+DA9OYtvM=",
        "owner": "riinr",
        "repo": "nim-flakes-lib",
        "rev": "b1fe8340736e3a85d25c709ac3dfd82a55c03cbf",
        "type": "github"
      },
      "original": {
        "owner": "riinr",
        "ref": "master",
        "repo": "nim-flakes-lib",
        "type": "github"
      }
    },
    "jsonob-master": {
      "inputs": {
        "flakeNimbleLib": [
          "flakeNimbleLib"
        ],
        "nixpkgs": [
          "nixpkgs"
        ],
        "src-jsonob-master": "src-jsonob-master"
      },
      "locked": {
        "dir": "master",
        "lastModified": 1667322368,
        "narHash": "sha256-QD31oDAmwIBVXjyhU3oVLVfhgl+DHHbhDSLmqOaGFOw=",
        "owner": "nim-nix-pkgs",
        "repo": "jsonob",
        "rev": "8dd25f5f11ddacaef7da17dd6395e62f54cdad7b",
        "type": "github"
      },
      "original": {
        "dir": "master",
        "owner": "nim-nix-pkgs",
        "ref": "master",
        "repo": "jsonob",
        "type": "github"
      }
    },
    "nixpkgs": {
      "locked": {
        "lastModified": 1667199707,
        "narHash": "sha256-I2Js3Y7gUyVSEXPULHlBoRek4Lh85vnevdS6mdvDNLI=",
        "owner": "NixOS",
        "repo": "nixpkgs",
        "rev": "ced197be72099edcfa68ebed8b87af7b04851f45",
        "type": "github"
      },
      "original": {
        "id": "nixpkgs",
        "type": "indirect"
      }
    },
    "root": {
      "inputs": {
        "flakeNimbleLib": "flakeNimbleLib",
        "jsonob-master": "jsonob-master",
        "nixpkgs": "nixpkgs"
      }
    },
    "src-jsonob-master": {
      "flake": false,
      "locked": {
        "lastModified": 1468559424,
        "narHash": "sha256-ip8cWkytiUs332CBGGK6JJpboUd211SqXd16/+P0bic=",
        "owner": "cjxgm",
        "repo": "jsonob",
        "rev": "f12cf9628542b8075ca0e4d9df1b3f86304fe16b",
        "type": "github"
      },
      "original": {
        "owner": "cjxgm",
        "ref": "refs/heads/master",
        "repo": "jsonob",
        "type": "github"
      }
    }
  },
  "root": "root",
  "version": 7
}
