{
  "nodes": {
    "flakeNimbleLib": {
      "inputs": {
        "nixpkgs": [
          "nixpkgs"
        ]
      },
      "locked": {
        "lastModified": 1662018438,
        "narHash": "sha256-QtNtU6+LX3Wokxf0zlFwKTFOcn6TeDjKQZ+DA9OYtvM=",
        "owner": "riinr",
        "repo": "nim-flakes-lib",
        "rev": "b1fe8340736e3a85d25c709ac3dfd82a55c03cbf",
        "type": "github"
      },
      "original": {
        "owner": "riinr",
        "ref": "master",
        "repo": "nim-flakes-lib",
        "type": "github"
      }
    },
    "jsonob-master": {
      "inputs": {
        "flakeNimbleLib": [
          "flakeNimbleLib"
        ],
        "nixpkgs": [
          "nixpkgs"
        ],
        "src-jsonob-master": "src-jsonob-master"
      },
      "locked": {
        "dir": "master",
        "lastModified": 1662254552,
        "narHash": "sha256-uGH+rGH6MwzY9AH5ttvguaMe5zSQ4GRVMpnbM1W70So=",
        "owner": "nim-nix-pkgs",
        "repo": "jsonob",
        "rev": "7b0a83adfc967c21f18860299b0b7b6d9ba76c17",
        "type": "github"
      },
      "original": {
        "dir": "master",
        "owner": "nim-nix-pkgs",
        "ref": "master",
        "repo": "jsonob",
        "type": "github"
      }
    },
    "nixpkgs": {
      "locked": {
        "lastModified": 1667110639,
        "narHash": "sha256-4FbPESZ5LbqQxkJJJBAfk/zKgF9h/4kyUwjjpJwYlbc=",
        "owner": "NixOS",
        "repo": "nixpkgs",
        "rev": "f38a1f04d1bec1feb61fd101a0539ae2002a7087",
        "type": "github"
      },
      "original": {
        "id": "nixpkgs",
        "type": "indirect"
      }
    },
    "root": {
      "inputs": {
        "flakeNimbleLib": "flakeNimbleLib",
        "jsonob-master": "jsonob-master",
        "nixpkgs": "nixpkgs"
      }
    },
    "src-jsonob-master": {
      "flake": false,
      "locked": {
        "lastModified": 1468559424,
        "narHash": "sha256-ip8cWkytiUs332CBGGK6JJpboUd211SqXd16/+P0bic=",
        "owner": "cjxgm",
        "repo": "jsonob",
        "rev": "f12cf9628542b8075ca0e4d9df1b3f86304fe16b",
        "type": "github"
      },
      "original": {
        "owner": "cjxgm",
        "ref": "refs/heads/master",
        "repo": "jsonob",
        "type": "github"
      }
    }
  },
  "root": "root",
  "version": 7
}
